
Microsoft Visual Studio Solution File, Format Version 12.00
Project("{FAE04EC0-301F-11D3-BF4B-00C04F79EFBC}") = "SqlUtils", "SqlUtils\SqlUtils.csproj", "{C33B037D-8927-4666-B899-B0807D77DEED}"
EndProject
Global
	GlobalSection(SolutionConfigurationPlatforms) = preSolution
		Debug|Any CPU = Debug|Any CPU
		Release|Any CPU = Release|Any CPU
	EndGlobalSection
	GlobalSection(ProjectConfigurationPlatforms) = postSolution
		{C33B037D-8927-4666-B899-B0807D77DEED}.Debug|Any CPU.ActiveCfg = Debug|Any CPU
		{C33B037D-8927-4666-B899-B0807D77DEED}.Debug|Any CPU.Build.0 = Debug|Any CPU
		{C33B037D-8927-4666-B899-B0807D77DEED}.Release|Any CPU.ActiveCfg = Release|Any CPU
		{C33B037D-8927-4666-B899-B0807D77DEED}.Release|Any CPU.Build.0 = Release|Any CPU
	EndGlobalSection
EndGlobal
